
Microsoft Visual Studio Solution File, Format Version 12.00
# Visual Studio 15
VisualStudioVersion = 15.0.26430.15
MinimumVisualStudioVersion = 10.0.40219.1
Project("{2150E333-8FDC-42A3-9474-1A3956D46DE8}") = "CMake", "CMake", "{16C11D84-989D-47CD-A97B-2C66D9613321}"
EndProject
Project("{8BC9CEB8-8B4A-11D0-8D11-00A0C91BC942}") = "INSTALL", "SFML-Binaries\INSTALL.vcxproj", "{DF298640-23A5-3A1E-A32A-570063DFE4F9}"
EndProject
Project("{8BC9CEB8-8B4A-11D0-8D11-00A0C91BC942}") = "ALL_BUILD", "SFML-Binaries\ALL_BUILD.vcxproj", "{8A7726BE-4F34-3B2C-93D2-8A417704306E}"
EndProject
Project("{8BC9CEB8-8B4A-11D0-8D11-00A0C91BC942}") = "ZERO_CHECK", "SFML-Binaries\ZERO_CHECK.vcxproj", "{8FCB740D-866D-3CBA-900F-BB720D6A7138}"
EndProject
Project("{2150E333-8FDC-42A3-9474-1A3956D46DE8}") = "Resoruces", "Resoruces", "{A7843229-7EC5-4BA3-BC48-949E17FDFF73}"
	ProjectSection(SolutionItems) = preProject
		Resources\Charaters.xml = Resources\Charaters.xml
		Resources\ConfigFile.xml = Resources\ConfigFile.xml
		Resources\DialogHolder.xml = Resources\DialogHolder.xml
	EndProjectSection
EndProject
Project("{2150E333-8FDC-42A3-9474-1A3956D46DE8}") = "Marx", "Marx", "{73461B28-38FF-407A-B10F-B09AAF5BD962}"
	ProjectSection(SolutionItems) = preProject
		Resources\Marx\GreetingTree.xml = Resources\Marx\GreetingTree.xml
		Resources\Marx\Profile.xml = Resources\Marx\Profile.xml
	EndProjectSection
EndProject
Project("{2150E333-8FDC-42A3-9474-1A3956D46DE8}") = "SFML", "SFML", "{92560D80-6257-4657-B742-D5DED5CC5356}"
EndProject
Project("{8BC9CEB8-8B4A-11D0-8D11-00A0C91BC942}") = "sfml-audio", "SFML-Binaries\src\SFML\Audio\sfml-audio.vcxproj", "{C93D0095-C1D7-379D-A4B1-E3D230B9C0C8}"
EndProject
Project("{8BC9CEB8-8B4A-11D0-8D11-00A0C91BC942}") = "sfml-graphics", "SFML-Binaries\src\SFML\Graphics\sfml-graphics.vcxproj", "{E9286166-BA8C-3CB7-BCF3-0F8810DF1815}"
EndProject
Project("{8BC9CEB8-8B4A-11D0-8D11-00A0C91BC942}") = "sfml-main", "SFML-Binaries\src\SFML\Main\sfml-main.vcxproj", "{011514BF-8C9F-381D-A341-FB26DD81BD1B}"
EndProject
Project("{8BC9CEB8-8B4A-11D0-8D11-00A0C91BC942}") = "sfml-system", "SFML-Binaries\src\SFML\System\sfml-system.vcxproj", "{0013387C-EC54-38BE-8308-BCCF68DECAAF}"
EndProject
Project("{8BC9CEB8-8B4A-11D0-8D11-00A0C91BC942}") = "sfml-window", "SFML-Binaries\src\SFML\Window\sfml-window.vcxproj", "{ADC12F0B-2A05-34AA-BAD4-47B6BC4AB192}"
EndProject
Project("{8BC9CEB8-8B4A-11D0-8D11-00A0C91BC942}") = "PugiXML", "PugiXML\PugiXML.vcxproj", "{09ED25FD-94B9-4450-B622-460C3E291FE3}"
EndProject
Project("{8BC9CEB8-8B4A-11D0-8D11-00A0C91BC942}") = "SharedLibary", "SharedLibary\SharedLibary.vcxproj", "{A1854BE7-1C6F-4C89-A7F9-B98FCBA14216}"
EndProject
Project("{8BC9CEB8-8B4A-11D0-8D11-00A0C91BC942}") = "Dismaker", "Dismaker\Prototype.vcxproj", "{75EE6F4C-817D-4A15-A929-9FB6AF90DECA}"
	ProjectSection(ProjectDependencies) = postProject
		{8A7726BE-4F34-3B2C-93D2-8A417704306E} = {8A7726BE-4F34-3B2C-93D2-8A417704306E}
		{09ED25FD-94B9-4450-B622-460C3E291FE3} = {09ED25FD-94B9-4450-B622-460C3E291FE3}
	EndProjectSection
EndProject
Project("{2150E333-8FDC-42A3-9474-1A3956D46DE8}") = "Fonts", "Fonts", "{0146C5F1-5E3B-407F-899F-4EDF0203EA0A}"
	ProjectSection(SolutionItems) = preProject
		Resources\Fonts\cour.ttf = Resources\Fonts\cour.ttf
	EndProjectSection
EndProject
Global
	GlobalSection(SolutionConfigurationPlatforms) = preSolution
		Debug|x64 = Debug|x64
		Debug|x86 = Debug|x86
		MinSizeRel|x64 = MinSizeRel|x64
		MinSizeRel|x86 = MinSizeRel|x86
		Release|x64 = Release|x64
		Release|x86 = Release|x86
		RelWithDebInfo|x64 = RelWithDebInfo|x64
		RelWithDebInfo|x86 = RelWithDebInfo|x86
	EndGlobalSection
	GlobalSection(ProjectConfigurationPlatforms) = postSolution
		{DF298640-23A5-3A1E-A32A-570063DFE4F9}.Debug|x64.ActiveCfg = RelWithDebInfo|x64
		{DF298640-23A5-3A1E-A32A-570063DFE4F9}.Debug|x64.Build.0 = Debug|x64
		{DF298640-23A5-3A1E-A32A-570063DFE4F9}.Debug|x86.ActiveCfg = RelWithDebInfo|x64
		{DF298640-23A5-3A1E-A32A-570063DFE4F9}.MinSizeRel|x64.ActiveCfg = RelWithDebInfo|x64
		{DF298640-23A5-3A1E-A32A-570063DFE4F9}.MinSizeRel|x64.Build.0 = MinSizeRel|x64
		{DF298640-23A5-3A1E-A32A-570063DFE4F9}.MinSizeRel|x86.ActiveCfg = RelWithDebInfo|x64
		{DF298640-23A5-3A1E-A32A-570063DFE4F9}.Release|x64.ActiveCfg = RelWithDebInfo|x64
		{DF298640-23A5-3A1E-A32A-570063DFE4F9}.Release|x64.Build.0 = Release|x64
		{DF298640-23A5-3A1E-A32A-570063DFE4F9}.Release|x86.ActiveCfg = RelWithDebInfo|x64
		{DF298640-23A5-3A1E-A32A-570063DFE4F9}.RelWithDebInfo|x64.ActiveCfg = RelWithDebInfo|x64
		{DF298640-23A5-3A1E-A32A-570063DFE4F9}.RelWithDebInfo|x64.Build.0 = RelWithDebInfo|x64
		{DF298640-23A5-3A1E-A32A-570063DFE4F9}.RelWithDebInfo|x86.ActiveCfg = RelWithDebInfo|x64
		{8A7726BE-4F34-3B2C-93D2-8A417704306E}.Debug|x64.ActiveCfg = RelWithDebInfo|x64
		{8A7726BE-4F34-3B2C-93D2-8A417704306E}.Debug|x64.Build.0 = Debug|x64
		{8A7726BE-4F34-3B2C-93D2-8A417704306E}.Debug|x86.ActiveCfg = RelWithDebInfo|x64
		{8A7726BE-4F34-3B2C-93D2-8A417704306E}.MinSizeRel|x64.ActiveCfg = RelWithDebInfo|x64
		{8A7726BE-4F34-3B2C-93D2-8A417704306E}.MinSizeRel|x64.Build.0 = MinSizeRel|x64
		{8A7726BE-4F34-3B2C-93D2-8A417704306E}.MinSizeRel|x86.ActiveCfg = RelWithDebInfo|x64
		{8A7726BE-4F34-3B2C-93D2-8A417704306E}.Release|x64.ActiveCfg = RelWithDebInfo|x64
		{8A7726BE-4F34-3B2C-93D2-8A417704306E}.Release|x64.Build.0 = Release|x64
		{8A7726BE-4F34-3B2C-93D2-8A417704306E}.Release|x86.ActiveCfg = RelWithDebInfo|x64
		{8A7726BE-4F34-3B2C-93D2-8A417704306E}.RelWithDebInfo|x64.ActiveCfg = RelWithDebInfo|x64
		{8A7726BE-4F34-3B2C-93D2-8A417704306E}.RelWithDebInfo|x64.Build.0 = RelWithDebInfo|x64
		{8A7726BE-4F34-3B2C-93D2-8A417704306E}.RelWithDebInfo|x86.ActiveCfg = RelWithDebInfo|x64
		{8FCB740D-866D-3CBA-900F-BB720D6A7138}.Debug|x64.ActiveCfg = RelWithDebInfo|x64
		{8FCB740D-866D-3CBA-900F-BB720D6A7138}.Debug|x64.Build.0 = Debug|x64
		{8FCB740D-866D-3CBA-900F-BB720D6A7138}.Debug|x86.ActiveCfg = RelWithDebInfo|x64
		{8FCB740D-866D-3CBA-900F-BB720D6A7138}.MinSizeRel|x64.ActiveCfg = RelWithDebInfo|x64
		{8FCB740D-866D-3CBA-900F-BB720D6A7138}.MinSizeRel|x64.Build.0 = MinSizeRel|x64
		{8FCB740D-866D-3CBA-900F-BB720D6A7138}.MinSizeRel|x86.ActiveCfg = RelWithDebInfo|x64
		{8FCB740D-866D-3CBA-900F-BB720D6A7138}.Release|x64.ActiveCfg = RelWithDebInfo|x64
		{8FCB740D-866D-3CBA-900F-BB720D6A7138}.Release|x64.Build.0 = Release|x64
		{8FCB740D-866D-3CBA-900F-BB720D6A7138}.Release|x86.ActiveCfg = RelWithDebInfo|x64
		{8FCB740D-866D-3CBA-900F-BB720D6A7138}.RelWithDebInfo|x64.ActiveCfg = RelWithDebInfo|x64
		{8FCB740D-866D-3CBA-900F-BB720D6A7138}.RelWithDebInfo|x64.Build.0 = RelWithDebInfo|x64
		{8FCB740D-866D-3CBA-900F-BB720D6A7138}.RelWithDebInfo|x86.ActiveCfg = RelWithDebInfo|x64
		{C93D0095-C1D7-379D-A4B1-E3D230B9C0C8}.Debug|x64.ActiveCfg = RelWithDebInfo|x64
		{C93D0095-C1D7-379D-A4B1-E3D230B9C0C8}.Debug|x64.Build.0 = Debug|x64
		{C93D0095-C1D7-379D-A4B1-E3D230B9C0C8}.Debug|x86.ActiveCfg = RelWithDebInfo|x64
		{C93D0095-C1D7-379D-A4B1-E3D230B9C0C8}.MinSizeRel|x64.ActiveCfg = RelWithDebInfo|x64
		{C93D0095-C1D7-379D-A4B1-E3D230B9C0C8}.MinSizeRel|x64.Build.0 = MinSizeRel|x64
		{C93D0095-C1D7-379D-A4B1-E3D230B9C0C8}.MinSizeRel|x86.ActiveCfg = RelWithDebInfo|x64
		{C93D0095-C1D7-379D-A4B1-E3D230B9C0C8}.Release|x64.ActiveCfg = RelWithDebInfo|x64
		{C93D0095-C1D7-379D-A4B1-E3D230B9C0C8}.Release|x64.Build.0 = Release|x64
		{C93D0095-C1D7-379D-A4B1-E3D230B9C0C8}.Release|x86.ActiveCfg = RelWithDebInfo|x64
		{C93D0095-C1D7-379D-A4B1-E3D230B9C0C8}.RelWithDebInfo|x64.ActiveCfg = RelWithDebInfo|x64
		{C93D0095-C1D7-379D-A4B1-E3D230B9C0C8}.RelWithDebInfo|x64.Build.0 = RelWithDebInfo|x64
		{C93D0095-C1D7-379D-A4B1-E3D230B9C0C8}.RelWithDebInfo|x86.ActiveCfg = RelWithDebInfo|x64
		{E9286166-BA8C-3CB7-BCF3-0F8810DF1815}.Debug|x64.ActiveCfg = RelWithDebInfo|x64
		{E9286166-BA8C-3CB7-BCF3-0F8810DF1815}.Debug|x64.Build.0 = Debug|x64
		{E9286166-BA8C-3CB7-BCF3-0F8810DF1815}.Debug|x86.ActiveCfg = RelWithDebInfo|x64
		{E9286166-BA8C-3CB7-BCF3-0F8810DF1815}.MinSizeRel|x64.ActiveCfg = RelWithDebInfo|x64
		{E9286166-BA8C-3CB7-BCF3-0F8810DF1815}.MinSizeRel|x64.Build.0 = MinSizeRel|x64
		{E9286166-BA8C-3CB7-BCF3-0F8810DF1815}.MinSizeRel|x86.ActiveCfg = RelWithDebInfo|x64
		{E9286166-BA8C-3CB7-BCF3-0F8810DF1815}.Release|x64.ActiveCfg = RelWithDebInfo|x64
		{E9286166-BA8C-3CB7-BCF3-0F8810DF1815}.Release|x64.Build.0 = Release|x64
		{E9286166-BA8C-3CB7-BCF3-0F8810DF1815}.Release|x86.ActiveCfg = RelWithDebInfo|x64
		{E9286166-BA8C-3CB7-BCF3-0F8810DF1815}.RelWithDebInfo|x64.ActiveCfg = RelWithDebInfo|x64
		{E9286166-BA8C-3CB7-BCF3-0F8810DF1815}.RelWithDebInfo|x64.Build.0 = RelWithDebInfo|x64
		{E9286166-BA8C-3CB7-BCF3-0F8810DF1815}.RelWithDebInfo|x86.ActiveCfg = RelWithDebInfo|x64
		{011514BF-8C9F-381D-A341-FB26DD81BD1B}.Debug|x64.ActiveCfg = RelWithDebInfo|x64
		{011514BF-8C9F-381D-A341-FB26DD81BD1B}.Debug|x64.Build.0 = Debug|x64
		{011514BF-8C9F-381D-A341-FB26DD81BD1B}.Debug|x86.ActiveCfg = RelWithDebInfo|x64
		{011514BF-8C9F-381D-A341-FB26DD81BD1B}.MinSizeRel|x64.ActiveCfg = RelWithDebInfo|x64
		{011514BF-8C9F-381D-A341-FB26DD81BD1B}.MinSizeRel|x64.Build.0 = MinSizeRel|x64
		{011514BF-8C9F-381D-A341-FB26DD81BD1B}.MinSizeRel|x86.ActiveCfg = RelWithDebInfo|x64
		{011514BF-8C9F-381D-A341-FB26DD81BD1B}.Release|x64.ActiveCfg = RelWithDebInfo|x64
		{011514BF-8C9F-381D-A341-FB26DD81BD1B}.Release|x64.Build.0 = Release|x64
		{011514BF-8C9F-381D-A341-FB26DD81BD1B}.Release|x86.ActiveCfg = RelWithDebInfo|x64
		{011514BF-8C9F-381D-A341-FB26DD81BD1B}.RelWithDebInfo|x64.ActiveCfg = RelWithDebInfo|x64
		{011514BF-8C9F-381D-A341-FB26DD81BD1B}.RelWithDebInfo|x64.Build.0 = RelWithDebInfo|x64
		{011514BF-8C9F-381D-A341-FB26DD81BD1B}.RelWithDebInfo|x86.ActiveCfg = RelWithDebInfo|x64
		{0013387C-EC54-38BE-8308-BCCF68DECAAF}.Debug|x64.ActiveCfg = RelWithDebInfo|x64
		{0013387C-EC54-38BE-8308-BCCF68DECAAF}.Debug|x64.Build.0 = Debug|x64
		{0013387C-EC54-38BE-8308-BCCF68DECAAF}.Debug|x86.ActiveCfg = RelWithDebInfo|x64
		{0013387C-EC54-38BE-8308-BCCF68DECAAF}.MinSizeRel|x64.ActiveCfg = RelWithDebInfo|x64
		{0013387C-EC54-38BE-8308-BCCF68DECAAF}.MinSizeRel|x64.Build.0 = MinSizeRel|x64
		{0013387C-EC54-38BE-8308-BCCF68DECAAF}.MinSizeRel|x86.ActiveCfg = RelWithDebInfo|x64
		{0013387C-EC54-38BE-8308-BCCF68DECAAF}.Release|x64.ActiveCfg = RelWithDebInfo|x64
		{0013387C-EC54-38BE-8308-BCCF68DECAAF}.Release|x64.Build.0 = Release|x64
		{0013387C-EC54-38BE-8308-BCCF68DECAAF}.Release|x86.ActiveCfg = RelWithDebInfo|x64
		{0013387C-EC54-38BE-8308-BCCF68DECAAF}.RelWithDebInfo|x64.ActiveCfg = RelWithDebInfo|x64
		{0013387C-EC54-38BE-8308-BCCF68DECAAF}.RelWithDebInfo|x64.Build.0 = RelWithDebInfo|x64
		{0013387C-EC54-38BE-8308-BCCF68DECAAF}.RelWithDebInfo|x86.ActiveCfg = RelWithDebInfo|x64
		{ADC12F0B-2A05-34AA-BAD4-47B6BC4AB192}.Debug|x64.ActiveCfg = RelWithDebInfo|x64
		{ADC12F0B-2A05-34AA-BAD4-47B6BC4AB192}.Debug|x64.Build.0 = Debug|x64
		{ADC12F0B-2A05-34AA-BAD4-47B6BC4AB192}.Debug|x86.ActiveCfg = RelWithDebInfo|x64
		{ADC12F0B-2A05-34AA-BAD4-47B6BC4AB192}.MinSizeRel|x64.ActiveCfg = RelWithDebInfo|x64
		{ADC12F0B-2A05-34AA-BAD4-47B6BC4AB192}.MinSizeRel|x64.Build.0 = MinSizeRel|x64
		{ADC12F0B-2A05-34AA-BAD4-47B6BC4AB192}.MinSizeRel|x86.ActiveCfg = RelWithDebInfo|x64
		{ADC12F0B-2A05-34AA-BAD4-47B6BC4AB192}.Release|x64.ActiveCfg = RelWithDebInfo|x64
		{ADC12F0B-2A05-34AA-BAD4-47B6BC4AB192}.Release|x64.Build.0 = Release|x64
		{ADC12F0B-2A05-34AA-BAD4-47B6BC4AB192}.Release|x86.ActiveCfg = RelWithDebInfo|x64
		{ADC12F0B-2A05-34AA-BAD4-47B6BC4AB192}.RelWithDebInfo|x64.ActiveCfg = RelWithDebInfo|x64
		{ADC12F0B-2A05-34AA-BAD4-47B6BC4AB192}.RelWithDebInfo|x64.Build.0 = RelWithDebInfo|x64
		{ADC12F0B-2A05-34AA-BAD4-47B6BC4AB192}.RelWithDebInfo|x86.ActiveCfg = RelWithDebInfo|x64
		{09ED25FD-94B9-4450-B622-460C3E291FE3}.Debug|x64.ActiveCfg = Release|x64
		{09ED25FD-94B9-4450-B622-460C3E291FE3}.Debug|x64.Build.0 = Release|x64
		{09ED25FD-94B9-4450-B622-460C3E291FE3}.Debug|x86.ActiveCfg = Release|x64
		{09ED25FD-94B9-4450-B622-460C3E291FE3}.Debug|x86.Build.0 = Release|x64
		{09ED25FD-94B9-4450-B622-460C3E291FE3}.MinSizeRel|x64.ActiveCfg = Release|x64
		{09ED25FD-94B9-4450-B622-460C3E291FE3}.MinSizeRel|x64.Build.0 = Release|x64
		{09ED25FD-94B9-4450-B622-460C3E291FE3}.MinSizeRel|x86.ActiveCfg = Release|x64
		{09ED25FD-94B9-4450-B622-460C3E291FE3}.MinSizeRel|x86.Build.0 = Release|x64
		{09ED25FD-94B9-4450-B622-460C3E291FE3}.Release|x64.ActiveCfg = Release|x64
		{09ED25FD-94B9-4450-B622-460C3E291FE3}.Release|x64.Build.0 = Release|x64
		{09ED25FD-94B9-4450-B622-460C3E291FE3}.Release|x86.ActiveCfg = Release|x64
		{09ED25FD-94B9-4450-B622-460C3E291FE3}.Release|x86.Build.0 = Release|x64
		{09ED25FD-94B9-4450-B622-460C3E291FE3}.RelWithDebInfo|x64.ActiveCfg = Release|x64
		{09ED25FD-94B9-4450-B622-460C3E291FE3}.RelWithDebInfo|x64.Build.0 = Release|x64
		{09ED25FD-94B9-4450-B622-460C3E291FE3}.RelWithDebInfo|x86.ActiveCfg = Release|x64
		{09ED25FD-94B9-4450-B622-460C3E291FE3}.RelWithDebInfo|x86.Build.0 = Release|x64
		{A1854BE7-1C6F-4C89-A7F9-B98FCBA14216}.Debug|x64.ActiveCfg = Release|x64
		{A1854BE7-1C6F-4C89-A7F9-B98FCBA14216}.Debug|x64.Build.0 = Release|x64
		{A1854BE7-1C6F-4C89-A7F9-B98FCBA14216}.Debug|x86.ActiveCfg = Release|x64
		{A1854BE7-1C6F-4C89-A7F9-B98FCBA14216}.Debug|x86.Build.0 = Release|x64
		{A1854BE7-1C6F-4C89-A7F9-B98FCBA14216}.MinSizeRel|x64.ActiveCfg = Release|x64
		{A1854BE7-1C6F-4C89-A7F9-B98FCBA14216}.MinSizeRel|x64.Build.0 = Release|x64
		{A1854BE7-1C6F-4C89-A7F9-B98FCBA14216}.MinSizeRel|x86.ActiveCfg = Release|x64
		{A1854BE7-1C6F-4C89-A7F9-B98FCBA14216}.MinSizeRel|x86.Build.0 = Release|x64
		{A1854BE7-1C6F-4C89-A7F9-B98FCBA14216}.Release|x64.ActiveCfg = Release|x64
		{A1854BE7-1C6F-4C89-A7F9-B98FCBA14216}.Release|x64.Build.0 = Release|x64
		{A1854BE7-1C6F-4C89-A7F9-B98FCBA14216}.Release|x64.Deploy.0 = Release|x64
		{A1854BE7-1C6F-4C89-A7F9-B98FCBA14216}.Release|x86.ActiveCfg = Release|x64
		{A1854BE7-1C6F-4C89-A7F9-B98FCBA14216}.Release|x86.Build.0 = Release|x64
		{A1854BE7-1C6F-4C89-A7F9-B98FCBA14216}.RelWithDebInfo|x64.ActiveCfg = Release|x64
		{A1854BE7-1C6F-4C89-A7F9-B98FCBA14216}.RelWithDebInfo|x64.Build.0 = Release|x64
		{A1854BE7-1C6F-4C89-A7F9-B98FCBA14216}.RelWithDebInfo|x86.ActiveCfg = Release|x64
		{A1854BE7-1C6F-4C89-A7F9-B98FCBA14216}.RelWithDebInfo|x86.Build.0 = Release|x64
		{75EE6F4C-817D-4A15-A929-9FB6AF90DECA}.Debug|x64.ActiveCfg = Release|x64
		{75EE6F4C-817D-4A15-A929-9FB6AF90DECA}.Debug|x64.Build.0 = Release|x64
		{75EE6F4C-817D-4A15-A929-9FB6AF90DECA}.Debug|x86.ActiveCfg = Release|x64
		{75EE6F4C-817D-4A15-A929-9FB6AF90DECA}.Debug|x86.Build.0 = Release|x64
		{75EE6F4C-817D-4A15-A929-9FB6AF90DECA}.MinSizeRel|x64.ActiveCfg = Release|x64
		{75EE6F4C-817D-4A15-A929-9FB6AF90DECA}.MinSizeRel|x64.Build.0 = Release|x64
		{75EE6F4C-817D-4A15-A929-9FB6AF90DECA}.MinSizeRel|x86.ActiveCfg = Release|x64
		{75EE6F4C-817D-4A15-A929-9FB6AF90DECA}.MinSizeRel|x86.Build.0 = Release|x64
		{75EE6F4C-817D-4A15-A929-9FB6AF90DECA}.Release|x64.ActiveCfg = Release|x64
		{75EE6F4C-817D-4A15-A929-9FB6AF90DECA}.Release|x64.Build.0 = Release|x64
		{75EE6F4C-817D-4A15-A929-9FB6AF90DECA}.Release|x86.ActiveCfg = Release|x64
		{75EE6F4C-817D-4A15-A929-9FB6AF90DECA}.Release|x86.Build.0 = Release|x64
		{75EE6F4C-817D-4A15-A929-9FB6AF90DECA}.RelWithDebInfo|x64.ActiveCfg = Release|x64
		{75EE6F4C-817D-4A15-A929-9FB6AF90DECA}.RelWithDebInfo|x64.Build.0 = Release|x64
		{75EE6F4C-817D-4A15-A929-9FB6AF90DECA}.RelWithDebInfo|x86.ActiveCfg = Release|x64
		{75EE6F4C-817D-4A15-A929-9FB6AF90DECA}.RelWithDebInfo|x86.Build.0 = Release|x64
	EndGlobalSection
	GlobalSection(SolutionProperties) = preSolution
		HideSolutionNode = FALSE
	EndGlobalSection
	GlobalSection(NestedProjects) = preSolution
		{DF298640-23A5-3A1E-A32A-570063DFE4F9} = {16C11D84-989D-47CD-A97B-2C66D9613321}
		{8A7726BE-4F34-3B2C-93D2-8A417704306E} = {16C11D84-989D-47CD-A97B-2C66D9613321}
		{8FCB740D-866D-3CBA-900F-BB720D6A7138} = {16C11D84-989D-47CD-A97B-2C66D9613321}
		{73461B28-38FF-407A-B10F-B09AAF5BD962} = {A7843229-7EC5-4BA3-BC48-949E17FDFF73}
		{C93D0095-C1D7-379D-A4B1-E3D230B9C0C8} = {92560D80-6257-4657-B742-D5DED5CC5356}
		{E9286166-BA8C-3CB7-BCF3-0F8810DF1815} = {92560D80-6257-4657-B742-D5DED5CC5356}
		{011514BF-8C9F-381D-A341-FB26DD81BD1B} = {92560D80-6257-4657-B742-D5DED5CC5356}
		{0013387C-EC54-38BE-8308-BCCF68DECAAF} = {92560D80-6257-4657-B742-D5DED5CC5356}
		{ADC12F0B-2A05-34AA-BAD4-47B6BC4AB192} = {92560D80-6257-4657-B742-D5DED5CC5356}
		{0146C5F1-5E3B-407F-899F-4EDF0203EA0A} = {A7843229-7EC5-4BA3-BC48-949E17FDFF73}
	EndGlobalSection
EndGlobal
